{
    "version": 3,
    "terraform_version": "0.11.1",
    "serial": 5,
    "lineage": "f910c9f5-2112-4e70-955e-f9ee678ecdf6",
    "modules": [
        {
            "path": [
                "root"
            ],
            "outputs": {
                "swarm_manager_1_private_ip": {
                    "sensitive": false,
                    "type": "string",
                    "value": "172.31.3.3"
                },
                "swarm_manager_1_public_ip": {
                    "sensitive": false,
                    "type": "string",
                    "value": "52.204.132.236"
                }
            },
            "resources": {
                "aws_instance.swarm-manager.0": {
                    "type": "aws_instance",
                    "depends_on": [
                        "aws_security_group.dc1-docker"
                    ],
                    "primary": {
                        "id": "i-0778e00bfcb080653",
                        "attributes": {
                            "ami": "ami-b7b5aacd",
                            "associate_public_ip_address": "true",
                            "availability_zone": "us-east-1d",
                            "disable_api_termination": "false",
                            "ebs_block_device.#": "0",
                            "ebs_optimized": "false",
                            "ephemeral_block_device.#": "0",
                            "iam_instance_profile": "",
                            "id": "i-0778e00bfcb080653",
                            "instance_state": "running",
                            "instance_type": "t2.micro",
                            "ipv6_addresses.#": "0",
                            "key_name": "TF-Demo-Dev-Key",
                            "monitoring": "false",
                            "network_interface.#": "0",
                            "network_interface_id": "eni-41ea5fbc",
                            "placement_group": "",
                            "primary_network_interface_id": "eni-41ea5fbc",
                            "private_dns": "ip-172-31-3-3.ec2.internal",
                            "private_ip": "172.31.3.3",
                            "public_dns": "ec2-52-204-132-236.compute-1.amazonaws.com",
                            "public_ip": "52.204.132.236",
                            "root_block_device.#": "1",
                            "root_block_device.0.delete_on_termination": "true",
                            "root_block_device.0.iops": "100",
                            "root_block_device.0.volume_id": "vol-04b19b76d52341fc9",
                            "root_block_device.0.volume_size": "8",
                            "root_block_device.0.volume_type": "gp2",
                            "security_groups.#": "1",
                            "security_groups.4210173100": "dc1-docker",
                            "source_dest_check": "true",
                            "subnet_id": "subnet-dbd3ed92",
                            "tags.%": "3",
                            "tags.Name": "swarm-manager",
                            "tags.Project": "DC1",
                            "tags.Terraform": "true",
                            "tenancy": "default",
                            "volume_tags.%": "0",
                            "vpc_security_group_ids.#": "1",
                            "vpc_security_group_ids.2212087786": "sg-53f4bf24"
                        },
                        "meta": {
                            "e2bfb730-ecaa-11e6-8f88-34363bc7c4c0": {
                                "create": 600000000000,
                                "delete": 600000000000,
                                "update": 600000000000
                            },
                            "schema_version": "1"
                        },
                        "tainted": false
                    },
                    "deposed": [],
                    "provider": "provider.aws"
                },
                "aws_instance.swarm-manager.1": {
                    "type": "aws_instance",
                    "depends_on": [
                        "aws_security_group.dc1-docker"
                    ],
                    "primary": {
                        "id": "i-0bfa41b25cdf114f1",
                        "attributes": {
                            "ami": "ami-b7b5aacd",
                            "associate_public_ip_address": "true",
                            "availability_zone": "us-east-1d",
                            "disable_api_termination": "false",
                            "ebs_block_device.#": "0",
                            "ebs_optimized": "false",
                            "ephemeral_block_device.#": "0",
                            "iam_instance_profile": "",
                            "id": "i-0bfa41b25cdf114f1",
                            "instance_state": "running",
                            "instance_type": "t2.micro",
                            "ipv6_addresses.#": "0",
                            "key_name": "TF-Demo-Dev-Key",
                            "monitoring": "false",
                            "network_interface.#": "0",
                            "network_interface_id": "eni-29a015d4",
                            "placement_group": "",
                            "primary_network_interface_id": "eni-29a015d4",
                            "private_dns": "ip-172-31-12-65.ec2.internal",
                            "private_ip": "172.31.12.65",
                            "public_dns": "ec2-34-227-59-4.compute-1.amazonaws.com",
                            "public_ip": "34.227.59.4",
                            "root_block_device.#": "1",
                            "root_block_device.0.delete_on_termination": "true",
                            "root_block_device.0.iops": "100",
                            "root_block_device.0.volume_id": "vol-08835ed68765defcc",
                            "root_block_device.0.volume_size": "8",
                            "root_block_device.0.volume_type": "gp2",
                            "security_groups.#": "1",
                            "security_groups.4210173100": "dc1-docker",
                            "source_dest_check": "true",
                            "subnet_id": "subnet-dbd3ed92",
                            "tags.%": "3",
                            "tags.Name": "swarm-manager",
                            "tags.Project": "DC1",
                            "tags.Terraform": "true",
                            "tenancy": "default",
                            "volume_tags.%": "0",
                            "vpc_security_group_ids.#": "1",
                            "vpc_security_group_ids.2212087786": "sg-53f4bf24"
                        },
                        "meta": {
                            "e2bfb730-ecaa-11e6-8f88-34363bc7c4c0": {
                                "create": 600000000000,
                                "delete": 600000000000,
                                "update": 600000000000
                            },
                            "schema_version": "1"
                        },
                        "tainted": false
                    },
                    "deposed": [],
                    "provider": "provider.aws"
                },
                "aws_instance.swarm-manager.2": {
                    "type": "aws_instance",
                    "depends_on": [
                        "aws_security_group.dc1-docker"
                    ],
                    "primary": {
                        "id": "i-0f90c3ccd5f2da369",
                        "attributes": {
                            "ami": "ami-b7b5aacd",
                            "associate_public_ip_address": "true",
                            "availability_zone": "us-east-1d",
                            "disable_api_termination": "false",
                            "ebs_block_device.#": "0",
                            "ebs_optimized": "false",
                            "ephemeral_block_device.#": "0",
                            "iam_instance_profile": "",
                            "id": "i-0f90c3ccd5f2da369",
                            "instance_state": "running",
                            "instance_type": "t2.micro",
                            "ipv6_addresses.#": "0",
                            "key_name": "TF-Demo-Dev-Key",
                            "monitoring": "false",
                            "network_interface.#": "0",
                            "network_interface_id": "eni-a2a2175f",
                            "placement_group": "",
                            "primary_network_interface_id": "eni-a2a2175f",
                            "private_dns": "ip-172-31-12-131.ec2.internal",
                            "private_ip": "172.31.12.131",
                            "public_dns": "ec2-34-224-80-143.compute-1.amazonaws.com",
                            "public_ip": "34.224.80.143",
                            "root_block_device.#": "1",
                            "root_block_device.0.delete_on_termination": "true",
                            "root_block_device.0.iops": "100",
                            "root_block_device.0.volume_id": "vol-0ecfb4e6295aabcef",
                            "root_block_device.0.volume_size": "8",
                            "root_block_device.0.volume_type": "gp2",
                            "security_groups.#": "1",
                            "security_groups.4210173100": "dc1-docker",
                            "source_dest_check": "true",
                            "subnet_id": "subnet-dbd3ed92",
                            "tags.%": "3",
                            "tags.Name": "swarm-manager",
                            "tags.Project": "DC1",
                            "tags.Terraform": "true",
                            "tenancy": "default",
                            "volume_tags.%": "0",
                            "vpc_security_group_ids.#": "1",
                            "vpc_security_group_ids.2212087786": "sg-53f4bf24"
                        },
                        "meta": {
                            "e2bfb730-ecaa-11e6-8f88-34363bc7c4c0": {
                                "create": 600000000000,
                                "delete": 600000000000,
                                "update": 600000000000
                            },
                            "schema_version": "1"
                        },
                        "tainted": false
                    },
                    "deposed": [],
                    "provider": "provider.aws"
                },
                "aws_instance.swarm-worker.0": {
                    "type": "aws_instance",
                    "depends_on": [
                        "aws_security_group.dc1-docker"
                    ],
                    "primary": {
                        "id": "i-0a5f280d91a320419",
                        "attributes": {
                            "ami": "ami-b7b5aacd",
                            "associate_public_ip_address": "true",
                            "availability_zone": "us-east-1d",
                            "disable_api_termination": "false",
                            "ebs_block_device.#": "0",
                            "ebs_optimized": "false",
                            "ephemeral_block_device.#": "0",
                            "iam_instance_profile": "",
                            "id": "i-0a5f280d91a320419",
                            "instance_state": "running",
                            "instance_type": "t2.micro",
                            "ipv6_addresses.#": "0",
                            "key_name": "TF-Demo-Dev-Key",
                            "monitoring": "false",
                            "network_interface.#": "0",
                            "network_interface_id": "eni-7aa91c87",
                            "placement_group": "",
                            "primary_network_interface_id": "eni-7aa91c87",
                            "private_dns": "ip-172-31-2-46.ec2.internal",
                            "private_ip": "172.31.2.46",
                            "public_dns": "ec2-107-21-76-80.compute-1.amazonaws.com",
                            "public_ip": "107.21.76.80",
                            "root_block_device.#": "1",
                            "root_block_device.0.delete_on_termination": "true",
                            "root_block_device.0.iops": "100",
                            "root_block_device.0.volume_id": "vol-0774f608aae99d2b0",
                            "root_block_device.0.volume_size": "8",
                            "root_block_device.0.volume_type": "gp2",
                            "security_groups.#": "1",
                            "security_groups.4210173100": "dc1-docker",
                            "source_dest_check": "true",
                            "subnet_id": "subnet-dbd3ed92",
                            "tags.%": "3",
                            "tags.Name": "swarm-worker",
                            "tags.Project": "DC1",
                            "tags.Terraform": "true",
                            "tenancy": "default",
                            "volume_tags.%": "0",
                            "vpc_security_group_ids.#": "1",
                            "vpc_security_group_ids.2212087786": "sg-53f4bf24"
                        },
                        "meta": {
                            "e2bfb730-ecaa-11e6-8f88-34363bc7c4c0": {
                                "create": 600000000000,
                                "delete": 600000000000,
                                "update": 600000000000
                            },
                            "schema_version": "1"
                        },
                        "tainted": false
                    },
                    "deposed": [],
                    "provider": "provider.aws"
                },
                "aws_instance.swarm-worker.1": {
                    "type": "aws_instance",
                    "depends_on": [
                        "aws_security_group.dc1-docker"
                    ],
                    "primary": {
                        "id": "i-0eef3331f63b8d61a",
                        "attributes": {
                            "ami": "ami-b7b5aacd",
                            "associate_public_ip_address": "true",
                            "availability_zone": "us-east-1d",
                            "disable_api_termination": "false",
                            "ebs_block_device.#": "0",
                            "ebs_optimized": "false",
                            "ephemeral_block_device.#": "0",
                            "iam_instance_profile": "",
                            "id": "i-0eef3331f63b8d61a",
                            "instance_state": "running",
                            "instance_type": "t2.micro",
                            "ipv6_addresses.#": "0",
                            "key_name": "TF-Demo-Dev-Key",
                            "monitoring": "false",
                            "network_interface.#": "0",
                            "network_interface_id": "eni-f1a7120c",
                            "placement_group": "",
                            "primary_network_interface_id": "eni-f1a7120c",
                            "private_dns": "ip-172-31-9-228.ec2.internal",
                            "private_ip": "172.31.9.228",
                            "public_dns": "ec2-34-207-236-155.compute-1.amazonaws.com",
                            "public_ip": "34.207.236.155",
                            "root_block_device.#": "1",
                            "root_block_device.0.delete_on_termination": "true",
                            "root_block_device.0.iops": "100",
                            "root_block_device.0.volume_id": "vol-016621084087de5a7",
                            "root_block_device.0.volume_size": "8",
                            "root_block_device.0.volume_type": "gp2",
                            "security_groups.#": "1",
                            "security_groups.4210173100": "dc1-docker",
                            "source_dest_check": "true",
                            "subnet_id": "subnet-dbd3ed92",
                            "tags.%": "3",
                            "tags.Name": "swarm-worker",
                            "tags.Project": "DC1",
                            "tags.Terraform": "true",
                            "tenancy": "default",
                            "volume_tags.%": "0",
                            "vpc_security_group_ids.#": "1",
                            "vpc_security_group_ids.2212087786": "sg-53f4bf24"
                        },
                        "meta": {
                            "e2bfb730-ecaa-11e6-8f88-34363bc7c4c0": {
                                "create": 600000000000,
                                "delete": 600000000000,
                                "update": 600000000000
                            },
                            "schema_version": "1"
                        },
                        "tainted": false
                    },
                    "deposed": [],
                    "provider": "provider.aws"
                },
                "aws_security_group.dc1-docker": {
                    "type": "aws_security_group",
                    "depends_on": [],
                    "primary": {
                        "id": "sg-53f4bf24",
                        "attributes": {
                            "description": "Security Group - DC1 Docker Swarm Servers",
                            "egress.#": "1",
                            "egress.482069346.cidr_blocks.#": "1",
                            "egress.482069346.cidr_blocks.0": "0.0.0.0/0",
                            "egress.482069346.description": "",
                            "egress.482069346.from_port": "0",
                            "egress.482069346.ipv6_cidr_blocks.#": "0",
                            "egress.482069346.prefix_list_ids.#": "0",
                            "egress.482069346.protocol": "-1",
                            "egress.482069346.security_groups.#": "0",
                            "egress.482069346.self": "false",
                            "egress.482069346.to_port": "0",
                            "id": "sg-53f4bf24",
                            "ingress.#": "8",
                            "ingress.1183624644.cidr_blocks.#": "0",
                            "ingress.1183624644.description": "",
                            "ingress.1183624644.from_port": "4789",
                            "ingress.1183624644.ipv6_cidr_blocks.#": "0",
                            "ingress.1183624644.protocol": "tcp",
                            "ingress.1183624644.security_groups.#": "0",
                            "ingress.1183624644.self": "true",
                            "ingress.1183624644.to_port": "4789",
                            "ingress.1530048670.cidr_blocks.#": "0",
                            "ingress.1530048670.description": "",
                            "ingress.1530048670.from_port": "4789",
                            "ingress.1530048670.ipv6_cidr_blocks.#": "0",
                            "ingress.1530048670.protocol": "udp",
                            "ingress.1530048670.security_groups.#": "0",
                            "ingress.1530048670.self": "true",
                            "ingress.1530048670.to_port": "4789",
                            "ingress.1715103657.cidr_blocks.#": "1",
                            "ingress.1715103657.cidr_blocks.0": "69.112.3.8/32",
                            "ingress.1715103657.description": "",
                            "ingress.1715103657.from_port": "80",
                            "ingress.1715103657.ipv6_cidr_blocks.#": "0",
                            "ingress.1715103657.protocol": "tcp",
                            "ingress.1715103657.security_groups.#": "0",
                            "ingress.1715103657.self": "false",
                            "ingress.1715103657.to_port": "80",
                            "ingress.3712207820.cidr_blocks.#": "1",
                            "ingress.3712207820.cidr_blocks.0": "69.112.3.8/32",
                            "ingress.3712207820.description": "",
                            "ingress.3712207820.from_port": "443",
                            "ingress.3712207820.ipv6_cidr_blocks.#": "0",
                            "ingress.3712207820.protocol": "tcp",
                            "ingress.3712207820.security_groups.#": "0",
                            "ingress.3712207820.self": "false",
                            "ingress.3712207820.to_port": "443",
                            "ingress.3931285143.cidr_blocks.#": "1",
                            "ingress.3931285143.cidr_blocks.0": "69.112.3.8/32",
                            "ingress.3931285143.description": "",
                            "ingress.3931285143.from_port": "22",
                            "ingress.3931285143.ipv6_cidr_blocks.#": "0",
                            "ingress.3931285143.protocol": "tcp",
                            "ingress.3931285143.security_groups.#": "0",
                            "ingress.3931285143.self": "false",
                            "ingress.3931285143.to_port": "22",
                            "ingress.3939417081.cidr_blocks.#": "0",
                            "ingress.3939417081.description": "",
                            "ingress.3939417081.from_port": "7946",
                            "ingress.3939417081.ipv6_cidr_blocks.#": "0",
                            "ingress.3939417081.protocol": "udp",
                            "ingress.3939417081.security_groups.#": "0",
                            "ingress.3939417081.self": "true",
                            "ingress.3939417081.to_port": "7946",
                            "ingress.4151355043.cidr_blocks.#": "0",
                            "ingress.4151355043.description": "",
                            "ingress.4151355043.from_port": "7946",
                            "ingress.4151355043.ipv6_cidr_blocks.#": "0",
                            "ingress.4151355043.protocol": "tcp",
                            "ingress.4151355043.security_groups.#": "0",
                            "ingress.4151355043.self": "true",
                            "ingress.4151355043.to_port": "7946",
                            "ingress.778117624.cidr_blocks.#": "0",
                            "ingress.778117624.description": "",
                            "ingress.778117624.from_port": "2377",
                            "ingress.778117624.ipv6_cidr_blocks.#": "0",
                            "ingress.778117624.protocol": "tcp",
                            "ingress.778117624.security_groups.#": "0",
                            "ingress.778117624.self": "true",
                            "ingress.778117624.to_port": "2377",
                            "name": "dc1-docker",
                            "owner_id": "736100173081",
                            "revoke_rules_on_delete": "false",
                            "tags.%": "0",
                            "vpc_id": "vpc-5a65f63c"
                        },
                        "meta": {
                            "schema_version": "1"
                        },
                        "tainted": false
                    },
                    "deposed": [],
                    "provider": "provider.aws"
                }
            },
            "depends_on": []
        }
    ]
}
